id: node.memory_block
artifact: NodeClass
label: Memory Block
label_zh: 记忆分区
intra_level: 2
intra_group: memory-data-unit
intra_group_zh: 记忆数据单元
intra_axis: records-index
intra_axis_zh: 记忆数据单元 / 索引存储
intra_role: container
parent_node: node.memory_store
description: Logical partition within a memory store grouping related records by topic, time, tenant, or access policy. Enables
  scoped retrieval and independent compaction.
attributes:
  block_id:
    type: string
    required: true
    description: Unique identifier within the parent store
  record_count:
    type: integer
    required: false
    description: Approximate number of records in this block
  access_tier:
    type: string
    required: false
    values:
    - hot
    - warm
    - cold
    - archive
    description: Storage tier affecting latency and cost
evidence:
- ref: evidence.paper.cognitive_architecture
layer: memory
plane: memory
