engineering:
  explanation:
    zh: >-
      CoordinationRole 与 CoordinationOwnershipRecord 把 OpenAI/LangGraph supervisor-worker 职责投影为可版本化
      本地规范，经 ActorRoleBinding 绑定 PROV Agent。OpenAI handoff 转移会话控制时更新 ControlOwnership，
      编排者整合最终答案时保留 AnswerOwnership，不重命名 SDK Agent 或 A2A Task。
    en: >-
      CoordinationRole and CoordinationOwnershipRecord project OpenAI/LangGraph supervisor-worker duties into
      versioned local specifications bound to PROV Agents through ActorRoleBinding. OpenAI handoffs update
      ControlOwnership when conversation control transfers; orchestrators retain AnswerOwnership when synthesizing
      final answers, without renaming SDK Agents or A2A Tasks.
    ja: >-
      CoordinationRole/CoordinationOwnershipRecord は supervisor-worker duty を versioned local spec に投影し
      ActorRoleBinding で PROV Agent に bind する。OpenAI handoff は ControlOwnership を更新し orchestrator は
      AnswerOwnership を保持する。SDK Agent や A2A Task に改名しない。
  typical_input:
    - description:
        zh: 声明协调职责、权限范围与 ActorRoleBinding 的角色 revision。
        en: Role revision declaring coordination duties, authority scope, and ActorRoleBinding.
        ja: coordination duty/authority scope/ActorRoleBinding を宣言する role revision。
      format: |-
        {"coordination_role_id":"coord-role-research-orchestrator","revision":"5","responsibility_scope":{"includes":["decompose","delegate","synthesize"]},"authority_scope":{"may":["invoke-specialists"],"must_escalate":["policy-override"]}}
  typical_output:
    - description:
        zh: 绑定到具体 Actor 的有效角色与所有权记录引用。
        en: Effective role and ownership record references bound to a concrete Actor.
        ja: concrete Actor に bind された effective role/ownership record reference。
      format: |-
        {"actor_binding_ref":"binding-incident-4","coordination_role_ref":"coord-role-research-orchestrator@5","control_ownership_ref":"control-own-91","answer_ownership_ref":"answer-own-91"}
  reference_implementations:
    - name: W3C PROV-O Agent
      url: https://www.w3.org/TR/prov-o/#term_Agent
      description: Defines Agent as a responsible entity distinct from activities and entities.
    - name: OpenAI Agents SDK multi-agent orchestration
      url: https://openai.github.io/openai-agents-python/multi_agent/
      description: Documents manager, specialist, and handoff orchestration roles.
    - name: LangChain subagents
      url: https://docs.langchain.com/oss/python/langchain/multi-agent/subagents
      description: Documents supervisor orchestrator routing work to subagents.
  source_claims:
    - claim-coordination-role-002
    - claim-coordination-role-010
