engineering:
  explanation:
    zh: >-
      CompositionOutput 记录组合活动产生的一般输出工件，含 producer_activity_ref 与 disposition。
      PROV wasGeneratedBy 方向为 Activity→CompositionOutput；digest 绑定不可变内容。
    en: >-
      CompositionOutput records general output artifacts from composition activities with producer_activity_ref and
      disposition. PROV wasGeneratedBy runs Activity→CompositionOutput; digest binds immutable content.
    ja: >-
      CompositionOutput は composition activity が produce する general output artifact を producer_activity_ref/disposition
      付きで記録する。
  typical_input:
    - description:
        zh: 组合活动完成阶段后产生的结构化输出内容。
        en: Structured output content emitted when a composition stage completes.
        ja: composition stage 完了時に emit される structured output content。
      format: |-
        {"composition_activity_id":"synthesis-884","output_body":"## Report\nAll sections merged.","media_type":"text/markdown","disposition":"accepted"}
  typical_output:
    - description:
        zh: 不可变组合输出工件记录。
        en: Immutable composition output artifact record.
        ja: immutable composition output artifact record。
      format: |-
        {"composition_artifact_id":"artifact-report-1","media_type":"text/markdown","content_digest":"sha256:report-1","produced_at":"2026-07-16T04:22:00Z","producer_activity_ref":"synthesis-884","disposition":"accepted"}
  reference_implementations:
    - name: W3C PROV-O
      url: https://www.w3.org/TR/prov-o/
      description: Documents wasGeneratedBy from Activity to Entity.
    - name: LangGraph Graph API
      url: https://docs.langchain.com/oss/python/langgraph/graph-api
      description: Documents node outputs passed as state values between graph steps.
  source_claims:
    - claim-composition-output-hierarchy
    - claim-composition-output-001
