engineering:
  explanation:
    zh: >-
      改进域节点把 OpenAI Agent Evals 的 trace、grader 与 eval run 流程投影为 PROV 风格活动、规范、
      状态与谱系记录。实现用 Responses API 或 Agents SDK 返回结构化评估结果，并在此记录 ImprovementActivity
      发生，不把 API wire object 重命名成本体类型。
    en: >-
      Improvement-domain nodes project OpenAI Agent Evals trace, grader, and eval-run flows into PROV-style
      activities, specifications, state, and lineage records. Implementations use the Responses API or Agents SDK
      for structured evaluation output and record ImprovementActivity occurrences here without renaming API wire
      objects as ontology types.
    ja: >-
      improvement domain ノードは OpenAI Agent Evals の trace/grader/eval run flow を PROV 風 activity/spec/state/
      lineage record に投影する。Responses API または Agents SDK の structured evaluation output を用い API wire object
      を ontology 型に改名しない。
  typical_input:
    - description:
        zh: OpenAI Agent Evals 对候选工件启动评估或改进循环的输入。
        en: OpenAI Agent Evals input starting evaluation or an improvement loop on a candidate artifact.
        ja: 候補 artifact に対する evaluation/improvement loop 開始入力。
      format: |-
        {"target_ref":"artifact-report@7","improvement_control_specification_ref":"review-assignment-security@3","dataset_item_ref":"eval-case-12"}
  typical_output:
    - description:
        zh: 带时间与状态字段的本地改进活动或控制记录。
        en: Local improvement activity or control record with time and status fields.
        ja: time/status field を持つ local improvement/control record。
      format: |-
        {"improvement_activity_id":"improvement-run-42","target_ref":"artifact-report@7","status":"completed","started_at":"2026-07-18T10:00:00Z","ended_at":"2026-07-18T10:06:00Z"}
  reference_implementations:
    - name: OpenAI Agent evals
      url: https://platform.openai.com/docs/guides/agent-evals
      description: Documents trace-based evaluation, graders, datasets, and eval runs.
    - name: OpenAI Responses API
      url: https://platform.openai.com/docs/api-reference/responses
      description: Documents structured model responses used by evaluator and optimizer agents.
    - name: W3C PROV-O
      url: https://www.w3.org/TR/prov-o/
      description: Separates activities, entities, agents, and lineage records.
  source_claims:
    - claim-improvement-activity-001
    - claim-improvement-activity-003
