engineering:
  explanation:
    zh: >-
      ParallelBranch 声明独立并行分支 slot，编译为 LangGraph 同 superstep 多 destination 或 Send 列表。
      分支独立性必须在规范中声明，不能从运行时调度巧合推断。
    en: >-
      ParallelBranch declares an independent parallel branch slot compiled as LangGraph same-superstep destinations
      or Send lists. Branch independence must be declared in specification and cannot be inferred from scheduling
      coincidence.
    ja: >-
      ParallelBranch は independent parallel branch slot を宣言し LangGraph same-superstep destination または Send list
      にコンパイルされる。
  typical_input:
    - description:
        zh: 并行分支 part revision 与 independence 条件声明。
        en: Parallel branch part revision and independence condition declaration.
        ja: parallel branch part revision/independence condition 宣言。
      format: |-
        {"composition_part_id":"regulation-branch","revision":"1","branch_id":"regulation","independence_condition":"no shared mutable state","connection_ports":{"outputs":[{"name":"findings","contract_ref":"findings@1"}]}}
  typical_output:
    - description:
        zh: 编译后的并行 destination 绑定。
        en: Compiled parallel destination binding.
        ja: compiled parallel destination binding。
      format: |-
        {"part_ref":"regulation-branch@1","compiled_destination":"regulation","parallel_group":"source-review"}
  reference_implementations:
    - name: LangGraph Graph API
      url: https://docs.langchain.com/oss/python/langgraph/graph-api
      description: Documents parallel execution of multiple destinations in one superstep.
  source_claims:
    - claim-parallel-branch-hierarchy
    - claim-parallel-branch-001
