engineering:
  explanation:
    zh: >-
      SectionAssignment 把 section 职责绑定到 topology 内 part，含 section_id 与 delivery_contract_ref。
      LangGraph map 阶段按 section_id 路由输入；assignment 是静态规范，不是一次 section 执行尝试。
    en: >-
      SectionAssignment binds section duty to a topology part with section_id and delivery_contract_ref. LangGraph map
      stages route inputs by section_id; an assignment is a static specification, not one section execution attempt.
    ja: >-
      SectionAssignment は section duty を topology part に bind し section_id/delivery_contract_ref を持つ。
  typical_input:
    - description:
        zh: Section assignment part revision 与交付契约声明。
        en: Section assignment part revision and delivery contract declaration.
        ja: section assignment part revision/delivery contract 宣言。
      format: |-
        {"composition_part_id":"section-finance","revision":"3","section_id":"finance","delivery_contract_ref":"section-draft@3","topology_ref":"report-topology@4"}
  typical_output:
    - description:
        zh: 编译后的 section 路由绑定。
        en: Compiled section routing binding.
        ja: compiled section routing binding。
      format: |-
        {"part_ref":"section-finance@3","section_id":"finance","compiled_node":"section_finance"}
  reference_implementations:
    - name: LangGraph workflows and agents
      url: https://docs.langchain.com/oss/python/langgraph/workflows-agents
      description: Documents orchestrator-worker section assignment to specialist stages.
  source_claims:
    - claim-section-assignment-hierarchy
    - claim-section-assignment-001
