engineering:
  explanation:
    zh: >-
      SynthesisPattern 声明 fan-in 汇合与 provenance_requirement，Synthesis 活动读取该模式 revision 并在
      join 节点产出 SynthesisOutput。LangGraph synthesize 节点是实现，不能把一次 merge 反推为模式规范。
    en: >-
      SynthesisPattern declares fan-in join and provenance_requirement; Synthesis activities read this pattern
      revision and emit SynthesisOutput at join nodes. LangGraph synthesize nodes are implementations and cannot infer
      the pattern specification from one merge.
    ja: >-
      SynthesisPattern は fan-in join/provenance_requirement を宣言し Synthesis activity が join node で
      SynthesisOutput を emit する。
  typical_input:
    - description:
        zh: 声明 synthesize 控制形态与 provenance 要求的模式 revision。
        en: Pattern revision declaring synthesize control shape and provenance requirements.
        ja: synthesize control shape/provenance requirement を宣言する pattern revision。
      format: |-
        {"composition_specification_id":"report-synthesis-pattern","version":"1","control_shape":"synthesize","provenance_requirement":"claim-level source links"}
  typical_output:
    - description:
        zh: 编译后的 synthesize join 绑定。
        en: Compiled synthesize join binding.
        ja: compiled synthesize join binding。
      format: |-
        {"pattern_ref":"report-synthesis-pattern@1","join_node":"synthesize","provenance_required":true}
  reference_implementations:
    - name: LangGraph workflows and agents
      url: https://docs.langchain.com/oss/python/langgraph/workflows-agents
      description: Documents orchestrator synthesis consolidating specialist outputs.
  source_claims:
    - claim-synthesis-pattern-hierarchy
    - claim-synthesis-pattern-001
