engineering:
  explanation:
    zh: >-
      SynthesisOutput 记录 Synthesis 产生的新整体工件，含 synthesis_plan_ref 与 claim-level trace manifest。
      它是新生成的整体而非输入拼接存档；PROV wasGeneratedBy 绑定 producing Synthesis 活动。
    en: >-
      SynthesisOutput records the new whole artifact produced by Synthesis with synthesis_plan_ref and a claim-level
      trace manifest. It is a newly generated whole rather than a concatenation archive; PROV wasGeneratedBy binds the
      producing Synthesis activity.
    ja: >-
      SynthesisOutput は Synthesis が produce する new whole artifact を synthesis_plan_ref/claim-level trace manifest
      付きで記録する。
  typical_input:
    - description:
        zh: Synthesis 活动应用的计划 revision 与合格输入工件集合。
        en: Plan revision and eligible input artifact set applied by a Synthesis activity.
        ja: Synthesis activity が apply する plan revision/eligible input artifact set。
      format: |-
        {"synthesis_plan_ref":"report-synthesis@2","input_refs":["artifact-section-17","artifact-section-18"],"synthesis_activity_id":"synthesis-884"}
  typical_output:
    - description:
        zh: 带 plan 一致性与 claim trace 的综合输出工件记录。
        en: Synthesis output artifact record with plan conformance and claim trace.
        ja: plan conformance/claim trace 付き synthesis output artifact record。
      format: |-
        {"synthesis_output_id":"artifact-report-final@1","synthesis_plan_ref":"report-synthesis@2","content_digest":"sha256:report-final","produced_at":"2026-07-16T04:22:00Z","claim_trace_manifest_ref":"trace-report-1","producing_synthesis_ref":"synthesis-884"}
  reference_implementations:
    - name: W3C PROV-O
      url: https://www.w3.org/TR/prov-o/
      description: Documents wasGeneratedBy and derivation lineage for synthesized entities.
    - name: LangGraph workflows and agents
      url: https://docs.langchain.com/oss/python/langgraph/workflows-agents
      description: Documents orchestrator synthesis producing consolidated outputs.
  source_claims:
    - claim-synthesis-output-hierarchy
    - claim-synthesis-output-001
