engineering:
  explanation:
    zh: >-
      SynthesisInput 是 Synthesis 消费的输入工件，含 contributor_ref 与 section_scope。适配器把 branch 输出或
      reviewer 结果规范化为 PROV Entity，供 Synthesis 活动 used 引用。
    en: >-
      SynthesisInput is an input artifact consumed by Synthesis with contributor_ref and section_scope. Adapters
      normalize branch outputs or reviewer results as PROV Entities for Synthesis activity used references.
    ja: >-
      SynthesisInput は contributor_ref/section_scope を持ち Synthesis が consume する input artifact である。
  typical_input:
    - description:
        zh: 待综合的 section 或 contributor 输出摘要。
        en: Section or contributor output digest awaiting synthesis.
        ja: synthesis 待ち section/contributor output digest。
      format: |-
        {"contributor_ref":"reviewer-3","section_scope":"finance","body":"Revenue up 12% per audited statements.","media_type":"text/markdown"}
  typical_output:
    - description:
        zh: 带 contributor 与 section 元数据的 SynthesisInput 工件记录。
        en: SynthesisInput artifact record with contributor and section metadata.
        ja: contributor/section metadata 付き SynthesisInput artifact record。
      format: |-
        {"composition_artifact_id":"artifact-section-17","media_type":"text/markdown","content_digest":"sha256:section-17","produced_at":"2026-07-16T04:21:00Z","contributor_ref":"reviewer-3","section_scope":"finance"}
  reference_implementations:
    - name: W3C PROV-O
      url: https://www.w3.org/TR/prov-o/
      description: Documents Entity used by Activity via prov:used.
    - name: LangGraph workflows and agents
      url: https://docs.langchain.com/oss/python/langgraph/workflows-agents
      description: Documents specialist branch outputs fed to synthesizer stages.
  source_claims:
    - claim-synthesis-input-hierarchy
    - claim-synthesis-input-001
